
Microsoft Visual Studio Solution File, Format Version 12.00
# Visual Studio 15
VisualStudioVersion = 15.0.26124.0
MinimumVisualStudioVersion = 15.0.26124.0
Project("{2150E333-8FDC-42A3-9474-1A3956D46DE8}") = "src", "src", "{C397A34C-84F1-49E7-AEBC-2F9F2B196216}"
EndProject
Project("{F2A71F9B-5D33-465A-A702-920D77279786}") = "D2DropCalc", "src\D2DropCalc\D2DropCalc.fsproj", "{5D30E174-2538-47AC-8443-318C8C5DC2C9}"
EndProject
Project("{2150E333-8FDC-42A3-9474-1A3956D46DE8}") = "tests", "tests", "{ACBEE43C-7A88-4FB1-9B06-DB064D22B29F}"
EndProject
Project("{F2A71F9B-5D33-465A-A702-920D77279786}") = "D2DropCalc.Tests", "tests\D2DropCalc.Tests\D2DropCalc.Tests.fsproj", "{1CA2E092-2320-451D-A4F0-9ED7C7C528CA}"
EndProject
Project("{F2A71F9B-5D33-465A-A702-920D77279786}") = "docsTool", "docsTool\docsTool.fsproj", "{8855EC73-F6A1-43D3-AFBC-04A3E09F9BD9}"
EndProject
Project("{F2A71F9B-5D33-465A-A702-920D77279786}") = "D2DropCalc.Server", "src\D2DropCalc.Server\D2DropCalc.Server.fsproj", "{C08F3620-A3AD-4349-821B-E36B2D2E9369}"
EndProject
Project("{2150E333-8FDC-42A3-9474-1A3956D46DE8}") = "D2DropCalc.Client", "D2DropCalc.Client", "{76F3C83B-2068-4059-9997-6B63EBC39C5E}"
EndProject
Project("{F2A71F9B-5D33-465A-A702-920D77279786}") = "App", "src\D2DropCalc.Client\src\App.fsproj", "{D07C8C2B-82E9-45E7-B2E3-9421395BC776}"
EndProject
Global
	GlobalSection(SolutionConfigurationPlatforms) = preSolution
		Debug|Any CPU = Debug|Any CPU
		Debug|x64 = Debug|x64
		Debug|x86 = Debug|x86
		Release|Any CPU = Release|Any CPU
		Release|x64 = Release|x64
		Release|x86 = Release|x86
	EndGlobalSection
	GlobalSection(SolutionProperties) = preSolution
		HideSolutionNode = FALSE
	EndGlobalSection
	GlobalSection(ProjectConfigurationPlatforms) = postSolution
		{5D30E174-2538-47AC-8443-318C8C5DC2C9}.Debug|Any CPU.ActiveCfg = Debug|Any CPU
		{5D30E174-2538-47AC-8443-318C8C5DC2C9}.Debug|Any CPU.Build.0 = Debug|Any CPU
		{5D30E174-2538-47AC-8443-318C8C5DC2C9}.Debug|x64.ActiveCfg = Debug|x64
		{5D30E174-2538-47AC-8443-318C8C5DC2C9}.Debug|x64.Build.0 = Debug|x64
		{5D30E174-2538-47AC-8443-318C8C5DC2C9}.Debug|x86.ActiveCfg = Debug|x86
		{5D30E174-2538-47AC-8443-318C8C5DC2C9}.Debug|x86.Build.0 = Debug|x86
		{5D30E174-2538-47AC-8443-318C8C5DC2C9}.Release|Any CPU.ActiveCfg = Release|Any CPU
		{5D30E174-2538-47AC-8443-318C8C5DC2C9}.Release|Any CPU.Build.0 = Release|Any CPU
		{5D30E174-2538-47AC-8443-318C8C5DC2C9}.Release|x64.ActiveCfg = Release|x64
		{5D30E174-2538-47AC-8443-318C8C5DC2C9}.Release|x64.Build.0 = Release|x64
		{5D30E174-2538-47AC-8443-318C8C5DC2C9}.Release|x86.ActiveCfg = Release|x86
		{5D30E174-2538-47AC-8443-318C8C5DC2C9}.Release|x86.Build.0 = Release|x86
		{1CA2E092-2320-451D-A4F0-9ED7C7C528CA}.Debug|Any CPU.ActiveCfg = Debug|Any CPU
		{1CA2E092-2320-451D-A4F0-9ED7C7C528CA}.Debug|Any CPU.Build.0 = Debug|Any CPU
		{1CA2E092-2320-451D-A4F0-9ED7C7C528CA}.Debug|x64.ActiveCfg = Debug|x64
		{1CA2E092-2320-451D-A4F0-9ED7C7C528CA}.Debug|x64.Build.0 = Debug|x64
		{1CA2E092-2320-451D-A4F0-9ED7C7C528CA}.Debug|x86.ActiveCfg = Debug|x86
		{1CA2E092-2320-451D-A4F0-9ED7C7C528CA}.Debug|x86.Build.0 = Debug|x86
		{1CA2E092-2320-451D-A4F0-9ED7C7C528CA}.Release|Any CPU.ActiveCfg = Release|Any CPU
		{1CA2E092-2320-451D-A4F0-9ED7C7C528CA}.Release|Any CPU.Build.0 = Release|Any CPU
		{1CA2E092-2320-451D-A4F0-9ED7C7C528CA}.Release|x64.ActiveCfg = Release|x64
		{1CA2E092-2320-451D-A4F0-9ED7C7C528CA}.Release|x64.Build.0 = Release|x64
		{1CA2E092-2320-451D-A4F0-9ED7C7C528CA}.Release|x86.ActiveCfg = Release|x86
		{1CA2E092-2320-451D-A4F0-9ED7C7C528CA}.Release|x86.Build.0 = Release|x86
		{8855EC73-F6A1-43D3-AFBC-04A3E09F9BD9}.Debug|Any CPU.ActiveCfg = Debug|Any CPU
		{8855EC73-F6A1-43D3-AFBC-04A3E09F9BD9}.Debug|Any CPU.Build.0 = Debug|Any CPU
		{8855EC73-F6A1-43D3-AFBC-04A3E09F9BD9}.Debug|x64.ActiveCfg = Debug|Any CPU
		{8855EC73-F6A1-43D3-AFBC-04A3E09F9BD9}.Debug|x64.Build.0 = Debug|Any CPU
		{8855EC73-F6A1-43D3-AFBC-04A3E09F9BD9}.Debug|x86.ActiveCfg = Debug|Any CPU
		{8855EC73-F6A1-43D3-AFBC-04A3E09F9BD9}.Debug|x86.Build.0 = Debug|Any CPU
		{8855EC73-F6A1-43D3-AFBC-04A3E09F9BD9}.Release|Any CPU.ActiveCfg = Release|Any CPU
		{8855EC73-F6A1-43D3-AFBC-04A3E09F9BD9}.Release|Any CPU.Build.0 = Release|Any CPU
		{8855EC73-F6A1-43D3-AFBC-04A3E09F9BD9}.Release|x64.ActiveCfg = Release|Any CPU
		{8855EC73-F6A1-43D3-AFBC-04A3E09F9BD9}.Release|x64.Build.0 = Release|Any CPU
		{8855EC73-F6A1-43D3-AFBC-04A3E09F9BD9}.Release|x86.ActiveCfg = Release|Any CPU
		{8855EC73-F6A1-43D3-AFBC-04A3E09F9BD9}.Release|x86.Build.0 = Release|Any CPU
		{C08F3620-A3AD-4349-821B-E36B2D2E9369}.Debug|Any CPU.ActiveCfg = Debug|Any CPU
		{C08F3620-A3AD-4349-821B-E36B2D2E9369}.Debug|Any CPU.Build.0 = Debug|Any CPU
		{C08F3620-A3AD-4349-821B-E36B2D2E9369}.Debug|x64.ActiveCfg = Debug|Any CPU
		{C08F3620-A3AD-4349-821B-E36B2D2E9369}.Debug|x64.Build.0 = Debug|Any CPU
		{C08F3620-A3AD-4349-821B-E36B2D2E9369}.Debug|x86.ActiveCfg = Debug|Any CPU
		{C08F3620-A3AD-4349-821B-E36B2D2E9369}.Debug|x86.Build.0 = Debug|Any CPU
		{C08F3620-A3AD-4349-821B-E36B2D2E9369}.Release|Any CPU.ActiveCfg = Release|Any CPU
		{C08F3620-A3AD-4349-821B-E36B2D2E9369}.Release|Any CPU.Build.0 = Release|Any CPU
		{C08F3620-A3AD-4349-821B-E36B2D2E9369}.Release|x64.ActiveCfg = Release|Any CPU
		{C08F3620-A3AD-4349-821B-E36B2D2E9369}.Release|x64.Build.0 = Release|Any CPU
		{C08F3620-A3AD-4349-821B-E36B2D2E9369}.Release|x86.ActiveCfg = Release|Any CPU
		{C08F3620-A3AD-4349-821B-E36B2D2E9369}.Release|x86.Build.0 = Release|Any CPU
		{D07C8C2B-82E9-45E7-B2E3-9421395BC776}.Debug|Any CPU.ActiveCfg = Debug|Any CPU
		{D07C8C2B-82E9-45E7-B2E3-9421395BC776}.Debug|Any CPU.Build.0 = Debug|Any CPU
		{D07C8C2B-82E9-45E7-B2E3-9421395BC776}.Debug|x64.ActiveCfg = Debug|Any CPU
		{D07C8C2B-82E9-45E7-B2E3-9421395BC776}.Debug|x64.Build.0 = Debug|Any CPU
		{D07C8C2B-82E9-45E7-B2E3-9421395BC776}.Debug|x86.ActiveCfg = Debug|Any CPU
		{D07C8C2B-82E9-45E7-B2E3-9421395BC776}.Debug|x86.Build.0 = Debug|Any CPU
		{D07C8C2B-82E9-45E7-B2E3-9421395BC776}.Release|Any CPU.ActiveCfg = Release|Any CPU
		{D07C8C2B-82E9-45E7-B2E3-9421395BC776}.Release|Any CPU.Build.0 = Release|Any CPU
		{D07C8C2B-82E9-45E7-B2E3-9421395BC776}.Release|x64.ActiveCfg = Release|Any CPU
		{D07C8C2B-82E9-45E7-B2E3-9421395BC776}.Release|x64.Build.0 = Release|Any CPU
		{D07C8C2B-82E9-45E7-B2E3-9421395BC776}.Release|x86.ActiveCfg = Release|Any CPU
		{D07C8C2B-82E9-45E7-B2E3-9421395BC776}.Release|x86.Build.0 = Release|Any CPU
	EndGlobalSection
	GlobalSection(NestedProjects) = preSolution
		{5D30E174-2538-47AC-8443-318C8C5DC2C9} = {C397A34C-84F1-49E7-AEBC-2F9F2B196216}
		{1CA2E092-2320-451D-A4F0-9ED7C7C528CA} = {ACBEE43C-7A88-4FB1-9B06-DB064D22B29F}
		{C08F3620-A3AD-4349-821B-E36B2D2E9369} = {C397A34C-84F1-49E7-AEBC-2F9F2B196216}
		{76F3C83B-2068-4059-9997-6B63EBC39C5E} = {C397A34C-84F1-49E7-AEBC-2F9F2B196216}
		{D07C8C2B-82E9-45E7-B2E3-9421395BC776} = {76F3C83B-2068-4059-9997-6B63EBC39C5E}
	EndGlobalSection
EndGlobal
